
Microsoft Visual Studio Solution File, Format Version 12.00
# Visual Studio Version 17
VisualStudioVersion = 17.0.31903.59
MinimumVisualStudioVersion = 10.0.40219.1
Project("{FAE04EC0-301F-11D3-BF4B-00C04F79EFBC}") = "LseTradeApi.Web", "LseTradeApi.Web\LseTradeApi.Web.csproj", "{6E381351-3DDF-4025-99AB-E6651F9E3951}"
EndProject
Project("{2150E333-8FDC-42A3-9474-1A3956D46DE8}") = "Tests", "Tests", "{0AB3BF05-4346-4AA6-1389-037BE0695223}"
EndProject
Project("{FAE04EC0-301F-11D3-BF4B-00C04F79EFBC}") = "LseTradeApi.Tests", "Tests\LseTradeApi.Tests\LseTradeApi.Tests.csproj", "{7DCB9A4A-15FD-4A36-8587-3E93D50D1C91}"
EndProject
Global
	GlobalSection(SolutionConfigurationPlatforms) = preSolution
		Debug|Any CPU = Debug|Any CPU
		Debug|x64 = Debug|x64
		Debug|x86 = Debug|x86
		Release|Any CPU = Release|Any CPU
		Release|x64 = Release|x64
		Release|x86 = Release|x86
	EndGlobalSection
	GlobalSection(ProjectConfigurationPlatforms) = postSolution
		{6E381351-3DDF-4025-99AB-E6651F9E3951}.Debug|Any CPU.ActiveCfg = Debug|Any CPU
		{6E381351-3DDF-4025-99AB-E6651F9E3951}.Debug|Any CPU.Build.0 = Debug|Any CPU
		{6E381351-3DDF-4025-99AB-E6651F9E3951}.Debug|x64.ActiveCfg = Debug|Any CPU
		{6E381351-3DDF-4025-99AB-E6651F9E3951}.Debug|x64.Build.0 = Debug|Any CPU
		{6E381351-3DDF-4025-99AB-E6651F9E3951}.Debug|x86.ActiveCfg = Debug|Any CPU
		{6E381351-3DDF-4025-99AB-E6651F9E3951}.Debug|x86.Build.0 = Debug|Any CPU
		{6E381351-3DDF-4025-99AB-E6651F9E3951}.Release|Any CPU.ActiveCfg = Release|Any CPU
		{6E381351-3DDF-4025-99AB-E6651F9E3951}.Release|Any CPU.Build.0 = Release|Any CPU
		{6E381351-3DDF-4025-99AB-E6651F9E3951}.Release|x64.ActiveCfg = Release|Any CPU
		{6E381351-3DDF-4025-99AB-E6651F9E3951}.Release|x64.Build.0 = Release|Any CPU
		{6E381351-3DDF-4025-99AB-E6651F9E3951}.Release|x86.ActiveCfg = Release|Any CPU
		{6E381351-3DDF-4025-99AB-E6651F9E3951}.Release|x86.Build.0 = Release|Any CPU
		{7DCB9A4A-15FD-4A36-8587-3E93D50D1C91}.Debug|Any CPU.ActiveCfg = Debug|Any CPU
		{7DCB9A4A-15FD-4A36-8587-3E93D50D1C91}.Debug|Any CPU.Build.0 = Debug|Any CPU
		{7DCB9A4A-15FD-4A36-8587-3E93D50D1C91}.Debug|x64.ActiveCfg = Debug|Any CPU
		{7DCB9A4A-15FD-4A36-8587-3E93D50D1C91}.Debug|x64.Build.0 = Debug|Any CPU
		{7DCB9A4A-15FD-4A36-8587-3E93D50D1C91}.Debug|x86.ActiveCfg = Debug|Any CPU
		{7DCB9A4A-15FD-4A36-8587-3E93D50D1C91}.Debug|x86.Build.0 = Debug|Any CPU
		{7DCB9A4A-15FD-4A36-8587-3E93D50D1C91}.Release|Any CPU.ActiveCfg = Release|Any CPU
		{7DCB9A4A-15FD-4A36-8587-3E93D50D1C91}.Release|Any CPU.Build.0 = Release|Any CPU
		{7DCB9A4A-15FD-4A36-8587-3E93D50D1C91}.Release|x64.ActiveCfg = Release|Any CPU
		{7DCB9A4A-15FD-4A36-8587-3E93D50D1C91}.Release|x64.Build.0 = Release|Any CPU
		{7DCB9A4A-15FD-4A36-8587-3E93D50D1C91}.Release|x86.ActiveCfg = Release|Any CPU
		{7DCB9A4A-15FD-4A36-8587-3E93D50D1C91}.Release|x86.Build.0 = Release|Any CPU
	EndGlobalSection
	GlobalSection(SolutionProperties) = preSolution
		HideSolutionNode = FALSE
	EndGlobalSection
	GlobalSection(NestedProjects) = preSolution
		{7DCB9A4A-15FD-4A36-8587-3E93D50D1C91} = {0AB3BF05-4346-4AA6-1389-037BE0695223}
	EndGlobalSection
EndGlobal
